Microsoft Visual Studio Solution File, Format Version 11.00
# Visual Studio 2008

Project("{5A48E19F-8A44-8424-B01D-5F2FF2BF164A}") = "Jumpa10", "Assembly-CSharp.csproj", "{51B45F9B-8F6F-608D-68AE-C68BC87395EE}"
EndProject
Global
	GlobalSection(SolutionConfigurationPlatforms) = preSolution
		Debug|Any CPU = Debug|Any CPU
		Release|Any CPU = Release|Any CPU
	EndGlobalSection
	GlobalSection(ProjectConfigurationPlatforms) = postSolution
		{51B45F9B-8F6F-608D-68AE-C68BC87395EE}.Debug|Any CPU.ActiveCfg = Debug|Any CPU
		{51B45F9B-8F6F-608D-68AE-C68BC87395EE}.Debug|Any CPU.Build.0 = Debug|Any CPU
		{51B45F9B-8F6F-608D-68AE-C68BC87395EE}.Release|Any CPU.ActiveCfg = Release|Any CPU
		{51B45F9B-8F6F-608D-68AE-C68BC87395EE}.Release|Any CPU.Build.0 = Release|Any CPU
	EndGlobalSection
	GlobalSection(SolutionProperties) = preSolution
		HideSolutionNode = FALSE
	EndGlobalSection
	GlobalSection(MonoDevelopProperties) = preSolution
		StartupItem = Assembly-CSharp.csproj
	EndGlobalSection
EndGlobal
